Microsoft Visual Studio Solution File, Format Version 12.00
# Visual Studio 2012
Project("{FAE04EC0-301F-11D3-BF4B-00C04F79EFBC}") = "Retro Game Party", "Retro Game Party.csproj", "{F72A5848-9FA7-4C94-A3C1-CC7E19B85828}"
EndProject
Global
	GlobalSection(SolutionConfigurationPlatforms) = preSolution
	Debug|Any CPU = Debug|Any CPU
	ExportDebug|Any CPU = ExportDebug|Any CPU
	ExportRelease|Any CPU = ExportRelease|Any CPU
	EndGlobalSection
	GlobalSection(ProjectConfigurationPlatforms) = postSolution
		{F72A5848-9FA7-4C94-A3C1-CC7E19B85828}.Debug|Any CPU.ActiveCfg = Debug|Any CPU
		{F72A5848-9FA7-4C94-A3C1-CC7E19B85828}.Debug|Any CPU.Build.0 = Debug|Any CPU
		{F72A5848-9FA7-4C94-A3C1-CC7E19B85828}.ExportDebug|Any CPU.ActiveCfg = ExportDebug|Any CPU
		{F72A5848-9FA7-4C94-A3C1-CC7E19B85828}.ExportDebug|Any CPU.Build.0 = ExportDebug|Any CPU
		{F72A5848-9FA7-4C94-A3C1-CC7E19B85828}.ExportRelease|Any CPU.ActiveCfg = ExportRelease|Any CPU
		{F72A5848-9FA7-4C94-A3C1-CC7E19B85828}.ExportRelease|Any CPU.Build.0 = ExportRelease|Any CPU
	EndGlobalSection
EndGlobal
